
Microsoft Visual Studio Solution File, Format Version 12.00
# Visual Studio Version 16
VisualStudioVersion = 16.0.29306.81
MinimumVisualStudioVersion = 10.0.40219.1
Project("{FAE04EC0-301F-11D3-BF4B-00C04F79EFBC}") = "CA190925F2", "CA190925F2\CA190925F2.csproj", "{76B3A87C-2D53-4657-BCD1-E63F8072AD21}"
EndProject
Global
	GlobalSection(SolutionConfigurationPlatforms) = preSolution
		Debug|Any CPU = Debug|Any CPU
		Release|Any CPU = Release|Any CPU
	EndGlobalSection
	GlobalSection(ProjectConfigurationPlatforms) = postSolution
		{76B3A87C-2D53-4657-BCD1-E63F8072AD21}.Debug|Any CPU.ActiveCfg = Debug|Any CPU
		{76B3A87C-2D53-4657-BCD1-E63F8072AD21}.Debug|Any CPU.Build.0 = Debug|Any CPU
		{76B3A87C-2D53-4657-BCD1-E63F8072AD21}.Release|Any CPU.ActiveCfg = Release|Any CPU
		{76B3A87C-2D53-4657-BCD1-E63F8072AD21}.Release|Any CPU.Build.0 = Release|Any CPU
	EndGlobalSection
	GlobalSection(SolutionProperties) = preSolution
		HideSolutionNode = FALSE
	EndGlobalSection
	GlobalSection(ExtensibilityGlobals) = postSolution
		SolutionGuid = {BBAB33F7-17D0-4F5D-85FE-13934BB32041}
	EndGlobalSection
EndGlobal
